
Microsoft Visual Studio Solution File, Format Version 12.00
# Visual Studio Version 16
VisualStudioVersion = 16.0.31702.278
MinimumVisualStudioVersion = 10.0.40219.1
Project("{FAE04EC0-301F-11D3-BF4B-00C04F79EFBC}") = "employwage", "employwage.csproj", "{6ED9B3B9-DB2B-492A-9251-5D8955D7FD2A}"
EndProject
Global
	GlobalSection(SolutionConfigurationPlatforms) = preSolution
		Debug|Any CPU = Debug|Any CPU
		Release|Any CPU = Release|Any CPU
	EndGlobalSection
	GlobalSection(ProjectConfigurationPlatforms) = postSolution
		{6ED9B3B9-DB2B-492A-9251-5D8955D7FD2A}.Debug|Any CPU.ActiveCfg = Debug|Any CPU
		{6ED9B3B9-DB2B-492A-9251-5D8955D7FD2A}.Debug|Any CPU.Build.0 = Debug|Any CPU
		{6ED9B3B9-DB2B-492A-9251-5D8955D7FD2A}.Release|Any CPU.ActiveCfg = Release|Any CPU
		{6ED9B3B9-DB2B-492A-9251-5D8955D7FD2A}.Release|Any CPU.Build.0 = Release|Any CPU
	EndGlobalSection
	GlobalSection(SolutionProperties) = preSolution
		HideSolutionNode = FALSE
	EndGlobalSection
	GlobalSection(ExtensibilityGlobals) = postSolution
		SolutionGuid = {8A6D1E64-7293-4BC0-A0AE-D609D45AA760}
	EndGlobalSection
EndGlobal
